
Microsoft Visual Studio Solution File, Format Version 12.00
# Visual Studio Version 16
VisualStudioVersion = 16.0.29926.136
MinimumVisualStudioVersion = 10.0.40219.1
Project("{FAE04EC0-301F-11D3-BF4B-00C04F79EFBC}") = "WepApiEscolastico", "WepApiEscolastico\WepApiEscolastico.csproj", "{A8D1726D-6660-4696-B2B7-08E435FD57A0}"
EndProject
Project("{FAE04EC0-301F-11D3-BF4B-00C04F79EFBC}") = "BEUEjercicio", "BEUEjercicio\BEUEjercicio.csproj", "{A6543BCC-4021-4683-8429-B840ADB66D7C}"
EndProject
Global
	GlobalSection(SolutionConfigurationPlatforms) = preSolution
		Debug|Any CPU = Debug|Any CPU
		Release|Any CPU = Release|Any CPU
	EndGlobalSection
	GlobalSection(ProjectConfigurationPlatforms) = postSolution
		{A8D1726D-6660-4696-B2B7-08E435FD57A0}.Debug|Any CPU.ActiveCfg = Debug|Any CPU
		{A8D1726D-6660-4696-B2B7-08E435FD57A0}.Debug|Any CPU.Build.0 = Debug|Any CPU
		{A8D1726D-6660-4696-B2B7-08E435FD57A0}.Release|Any CPU.ActiveCfg = Release|Any CPU
		{A8D1726D-6660-4696-B2B7-08E435FD57A0}.Release|Any CPU.Build.0 = Release|Any CPU
		{A6543BCC-4021-4683-8429-B840ADB66D7C}.Debug|Any CPU.ActiveCfg = Debug|Any CPU
		{A6543BCC-4021-4683-8429-B840ADB66D7C}.Debug|Any CPU.Build.0 = Debug|Any CPU
		{A6543BCC-4021-4683-8429-B840ADB66D7C}.Release|Any CPU.ActiveCfg = Release|Any CPU
		{A6543BCC-4021-4683-8429-B840ADB66D7C}.Release|Any CPU.Build.0 = Release|Any CPU
	EndGlobalSection
	GlobalSection(SolutionProperties) = preSolution
		HideSolutionNode = FALSE
	EndGlobalSection
	GlobalSection(ExtensibilityGlobals) = postSolution
		SolutionGuid = {6A610BE6-E9AE-450C-8D6E-084D7B26D125}
	EndGlobalSection
EndGlobal
